
Microsoft Visual Studio Solution File, Format Version 12.00
# Visual Studio Version 16
VisualStudioVersion = 16.0.29326.143
MinimumVisualStudioVersion = 10.0.40219.1
Project("{FAE04EC0-301F-11D3-BF4B-00C04F79EFBC}") = "Results_Processing_n6", "Results_Processing\Results_Processing_n6.csproj", "{9172BC64-7463-4ED9-BEEF-ED176674CEA8}"
EndProject
Project("{FAE04EC0-301F-11D3-BF4B-00C04F79EFBC}") = "Results_Processing_n7", "Results_Processing_n7\Results_Processing_n7.csproj", "{4C11EDE2-7D33-495B-9293-B805B207B1C2}"
EndProject
Global
	GlobalSection(SolutionConfigurationPlatforms) = preSolution
		Debug|Any CPU = Debug|Any CPU
		Release|Any CPU = Release|Any CPU
	EndGlobalSection
	GlobalSection(ProjectConfigurationPlatforms) = postSolution
		{9172BC64-7463-4ED9-BEEF-ED176674CEA8}.Debug|Any CPU.ActiveCfg = Debug|Any CPU
		{9172BC64-7463-4ED9-BEEF-ED176674CEA8}.Debug|Any CPU.Build.0 = Debug|Any CPU
		{9172BC64-7463-4ED9-BEEF-ED176674CEA8}.Release|Any CPU.ActiveCfg = Release|Any CPU
		{9172BC64-7463-4ED9-BEEF-ED176674CEA8}.Release|Any CPU.Build.0 = Release|Any CPU
		{4C11EDE2-7D33-495B-9293-B805B207B1C2}.Debug|Any CPU.ActiveCfg = Debug|Any CPU
		{4C11EDE2-7D33-495B-9293-B805B207B1C2}.Debug|Any CPU.Build.0 = Debug|Any CPU
		{4C11EDE2-7D33-495B-9293-B805B207B1C2}.Release|Any CPU.ActiveCfg = Release|Any CPU
		{4C11EDE2-7D33-495B-9293-B805B207B1C2}.Release|Any CPU.Build.0 = Release|Any CPU
	EndGlobalSection
	GlobalSection(SolutionProperties) = preSolution
		HideSolutionNode = FALSE
	EndGlobalSection
	GlobalSection(ExtensibilityGlobals) = postSolution
		SolutionGuid = {800EE463-C413-43AB-BDCD-23D2A1345317}
	EndGlobalSection
EndGlobal
