
Microsoft Visual Studio Solution File, Format Version 12.00
# Visual Studio Version 16
VisualStudioVersion = 16.0.29326.143
MinimumVisualStudioVersion = 10.0.40219.1
Project("{FAE04EC0-301F-11D3-BF4B-00C04F79EFBC}") = "Results_Processing_n6", "Results_Processing\Results_Processing_n6.csproj", "{9172BC64-7463-4ED9-BEEF-ED176674CEA8}"
EndProject
Project("{FAE04EC0-301F-11D3-BF4B-00C04F79EFBC}") = "Results_Processing_n7", "Results_Processing_n7\Results_Processing_n7.csproj", "{4C11EDE2-7D33-495B-9293-B805B207B1C2}"
EndProject
Project("{FAE04EC0-301F-11D3-BF4B-00C04F79EFBC}") = "Select Target", "Select Target\Select Target.csproj", "{3DDF1DF5-0170-4B9E-AFE2-D231800D36FB}"
EndProject
Project("{FAE04EC0-301F-11D3-BF4B-00C04F79EFBC}") = "Select_Target_2", "Select_Target_2\Select_Target_2.csproj", "{EDC6214C-C480-4432-874F-D4DD9B7E7E2B}"
EndProject
Project("{FAE04EC0-301F-11D3-BF4B-00C04F79EFBC}") = "Libraries", "Libraries\Libraries.csproj", "{68447FF2-3BA0-47F0-B899-AAF3FECF65D5}"
EndProject
Project("{FAE04EC0-301F-11D3-BF4B-00C04F79EFBC}") = "Results_Processing_n5", "Results_Processing_n5\Results_Processing_n5.csproj", "{2063B70A-9E19-4F3E-8756-16DF4FF8DF04}"
EndProject
Global
	GlobalSection(SolutionConfigurationPlatforms) = preSolution
		Debug|Any CPU = Debug|Any CPU
		Release|Any CPU = Release|Any CPU
	EndGlobalSection
	GlobalSection(ProjectConfigurationPlatforms) = postSolution
		{9172BC64-7463-4ED9-BEEF-ED176674CEA8}.Debug|Any CPU.ActiveCfg = Debug|Any CPU
		{9172BC64-7463-4ED9-BEEF-ED176674CEA8}.Debug|Any CPU.Build.0 = Debug|Any CPU
		{9172BC64-7463-4ED9-BEEF-ED176674CEA8}.Release|Any CPU.ActiveCfg = Release|Any CPU
		{9172BC64-7463-4ED9-BEEF-ED176674CEA8}.Release|Any CPU.Build.0 = Release|Any CPU
		{4C11EDE2-7D33-495B-9293-B805B207B1C2}.Debug|Any CPU.ActiveCfg = Debug|Any CPU
		{4C11EDE2-7D33-495B-9293-B805B207B1C2}.Debug|Any CPU.Build.0 = Debug|Any CPU
		{4C11EDE2-7D33-495B-9293-B805B207B1C2}.Release|Any CPU.ActiveCfg = Release|Any CPU
		{4C11EDE2-7D33-495B-9293-B805B207B1C2}.Release|Any CPU.Build.0 = Release|Any CPU
		{3DDF1DF5-0170-4B9E-AFE2-D231800D36FB}.Debug|Any CPU.ActiveCfg = Debug|Any CPU
		{3DDF1DF5-0170-4B9E-AFE2-D231800D36FB}.Debug|Any CPU.Build.0 = Debug|Any CPU
		{3DDF1DF5-0170-4B9E-AFE2-D231800D36FB}.Release|Any CPU.ActiveCfg = Release|Any CPU
		{3DDF1DF5-0170-4B9E-AFE2-D231800D36FB}.Release|Any CPU.Build.0 = Release|Any CPU
		{EDC6214C-C480-4432-874F-D4DD9B7E7E2B}.Debug|Any CPU.ActiveCfg = Debug|Any CPU
		{EDC6214C-C480-4432-874F-D4DD9B7E7E2B}.Debug|Any CPU.Build.0 = Debug|Any CPU
		{EDC6214C-C480-4432-874F-D4DD9B7E7E2B}.Release|Any CPU.ActiveCfg = Release|Any CPU
		{EDC6214C-C480-4432-874F-D4DD9B7E7E2B}.Release|Any CPU.Build.0 = Release|Any CPU
		{68447FF2-3BA0-47F0-B899-AAF3FECF65D5}.Debug|Any CPU.ActiveCfg = Debug|Any CPU
		{68447FF2-3BA0-47F0-B899-AAF3FECF65D5}.Debug|Any CPU.Build.0 = Debug|Any CPU
		{68447FF2-3BA0-47F0-B899-AAF3FECF65D5}.Release|Any CPU.ActiveCfg = Release|Any CPU
		{68447FF2-3BA0-47F0-B899-AAF3FECF65D5}.Release|Any CPU.Build.0 = Release|Any CPU
		{2063B70A-9E19-4F3E-8756-16DF4FF8DF04}.Debug|Any CPU.ActiveCfg = Debug|Any CPU
		{2063B70A-9E19-4F3E-8756-16DF4FF8DF04}.Debug|Any CPU.Build.0 = Debug|Any CPU
		{2063B70A-9E19-4F3E-8756-16DF4FF8DF04}.Release|Any CPU.ActiveCfg = Release|Any CPU
		{2063B70A-9E19-4F3E-8756-16DF4FF8DF04}.Release|Any CPU.Build.0 = Release|Any CPU
	EndGlobalSection
	GlobalSection(SolutionProperties) = preSolution
		HideSolutionNode = FALSE
	EndGlobalSection
	GlobalSection(ExtensibilityGlobals) = postSolution
		SolutionGuid = {800EE463-C413-43AB-BDCD-23D2A1345317}
	EndGlobalSection
EndGlobal
